
Microsoft Visual Studio Solution File, Format Version 12.00
# Visual Studio Version 17
VisualStudioVersion = 17.10.34916.146
MinimumVisualStudioVersion = 10.0.40219.1
Project("{FAE04EC0-301F-11D3-BF4B-00C04F79EFBC}") = "Shrutiweather", "Shrutiweather\Shrutiweather.csproj", "{F3787EB7-B30E-4390-B234-56AB21DAA4EF}"
EndProject
Global
	GlobalSection(SolutionConfigurationPlatforms) = preSolution
		Debug|Any CPU = Debug|Any CPU
		Release|Any CPU = Release|Any CPU
	EndGlobalSection
	GlobalSection(ProjectConfigurationPlatforms) = postSolution
		{F3787EB7-B30E-4390-B234-56AB21DAA4EF}.Debug|Any CPU.ActiveCfg = Debug|Any CPU
		{F3787EB7-B30E-4390-B234-56AB21DAA4EF}.Debug|Any CPU.Build.0 = Debug|Any CPU
		{F3787EB7-B30E-4390-B234-56AB21DAA4EF}.Release|Any CPU.ActiveCfg = Release|Any CPU
		{F3787EB7-B30E-4390-B234-56AB21DAA4EF}.Release|Any CPU.Build.0 = Release|Any CPU
	EndGlobalSection
	GlobalSection(SolutionProperties) = preSolution
		HideSolutionNode = FALSE
	EndGlobalSection
	GlobalSection(ExtensibilityGlobals) = postSolution
		SolutionGuid = {8349C66A-591C-43C4-A8F0-EF3B53905459}
	EndGlobalSection
EndGlobal
